
Microsoft Visual Studio Solution File, Format Version 12.00
# Visual Studio Version 17
VisualStudioVersion = 17.0.31903.59
MinimumVisualStudioVersion = 10.0.40219.1
Project("{FAE04EC0-301F-11D3-BF4B-00C04F79EFBC}") = "LIS.ApiGateway", "src\LIS.ApiGateway\LIS.ApiGateway.csproj", "{B1B2C3D4-1111-1111-1111-000000000001}"
EndProject
Project("{FAE04EC0-301F-11D3-BF4B-00C04F79EFBC}") = "LIS.OrderService", "src\LIS.OrderService\LIS.OrderService.csproj", "{B1B2C3D4-1111-1111-1111-000000000002}"
EndProject
Project("{FAE04EC0-301F-11D3-BF4B-00C04F79EFBC}") = "LIS.SpecimenService", "src\LIS.SpecimenService\LIS.SpecimenService.csproj", "{B1B2C3D4-1111-1111-1111-000000000003}"
EndProject
Project("{FAE04EC0-301F-11D3-BF4B-00C04F79EFBC}") = "LIS.ResultService", "src\LIS.ResultService\LIS.ResultService.csproj", "{B1B2C3D4-1111-1111-1111-000000000004}"
EndProject
Project("{FAE04EC0-301F-11D3-BF4B-00C04F79EFBC}") = "LIS.QcService", "src\LIS.QcService\LIS.QcService.csproj", "{B1B2C3D4-1111-1111-1111-000000000005}"
EndProject
Project("{FAE04EC0-301F-11D3-BF4B-00C04F79EFBC}") = "LIS.ReportService", "src\LIS.ReportService\LIS.ReportService.csproj", "{B1B2C3D4-1111-1111-1111-000000000006}"
EndProject
Project("{FAE04EC0-301F-11D3-BF4B-00C04F79EFBC}") = "LIS.BillingService", "src\LIS.BillingService\LIS.BillingService.csproj", "{B1B2C3D4-1111-1111-1111-000000000007}"
EndProject
Project("{FAE04EC0-301F-11D3-BF4B-00C04F79EFBC}") = "LIS.Hl7Service", "src\LIS.Hl7Service\LIS.Hl7Service.csproj", "{B1B2C3D4-1111-1111-1111-000000000008}"
EndProject
Project("{FAE04EC0-301F-11D3-BF4B-00C04F79EFBC}") = "Shared", "src\Shared\Shared.csproj", "{B1B2C3D4-1111-1111-1111-000000000009}"
EndProject
Project("{2150E333-8FDC-42A3-9474-1A3956D46DE8}") = "src", "src", "{927E0CD3-B72D-47B6-A68D-7590B98EB39B}"
EndProject
Global
	GlobalSection(SolutionConfigurationPlatforms) = preSolution
		Debug|Any CPU = Debug|Any CPU
		Release|Any CPU = Release|Any CPU
	EndGlobalSection
	GlobalSection(ProjectConfigurationPlatforms) = postSolution
		{B1B2C3D4-1111-1111-1111-000000000001}.Debug|Any CPU.ActiveCfg = Debug|Any CPU
		{B1B2C3D4-1111-1111-1111-000000000001}.Debug|Any CPU.Build.0 = Debug|Any CPU
		{B1B2C3D4-1111-1111-1111-000000000001}.Release|Any CPU.ActiveCfg = Release|Any CPU
		{B1B2C3D4-1111-1111-1111-000000000001}.Release|Any CPU.Build.0 = Release|Any CPU
		{B1B2C3D4-1111-1111-1111-000000000002}.Debug|Any CPU.ActiveCfg = Debug|Any CPU
		{B1B2C3D4-1111-1111-1111-000000000002}.Debug|Any CPU.Build.0 = Debug|Any CPU
		{B1B2C3D4-1111-1111-1111-000000000002}.Release|Any CPU.ActiveCfg = Release|Any CPU
		{B1B2C3D4-1111-1111-1111-000000000002}.Release|Any CPU.Build.0 = Release|Any CPU
		{B1B2C3D4-1111-1111-1111-000000000003}.Debug|Any CPU.ActiveCfg = Debug|Any CPU
		{B1B2C3D4-1111-1111-1111-000000000003}.Debug|Any CPU.Build.0 = Debug|Any CPU
		{B1B2C3D4-1111-1111-1111-000000000003}.Release|Any CPU.ActiveCfg = Release|Any CPU
		{B1B2C3D4-1111-1111-1111-000000000003}.Release|Any CPU.Build.0 = Release|Any CPU
		{B1B2C3D4-1111-1111-1111-000000000004}.Debug|Any CPU.ActiveCfg = Debug|Any CPU
		{B1B2C3D4-1111-1111-1111-000000000004}.Debug|Any CPU.Build.0 = Debug|Any CPU
		{B1B2C3D4-1111-1111-1111-000000000004}.Release|Any CPU.ActiveCfg = Release|Any CPU
		{B1B2C3D4-1111-1111-1111-000000000004}.Release|Any CPU.Build.0 = Release|Any CPU
		{B1B2C3D4-1111-1111-1111-000000000005}.Debug|Any CPU.ActiveCfg = Debug|Any CPU
		{B1B2C3D4-1111-1111-1111-000000000005}.Debug|Any CPU.Build.0 = Debug|Any CPU
		{B1B2C3D4-1111-1111-1111-000000000005}.Release|Any CPU.ActiveCfg = Release|Any CPU
		{B1B2C3D4-1111-1111-1111-000000000005}.Release|Any CPU.Build.0 = Release|Any CPU
		{B1B2C3D4-1111-1111-1111-000000000006}.Debug|Any CPU.ActiveCfg = Debug|Any CPU
		{B1B2C3D4-1111-1111-1111-000000000006}.Debug|Any CPU.Build.0 = Debug|Any CPU
		{B1B2C3D4-1111-1111-1111-000000000006}.Release|Any CPU.ActiveCfg = Release|Any CPU
		{B1B2C3D4-1111-1111-1111-000000000006}.Release|Any CPU.Build.0 = Release|Any CPU
		{B1B2C3D4-1111-1111-1111-000000000007}.Debug|Any CPU.ActiveCfg = Debug|Any CPU
		{B1B2C3D4-1111-1111-1111-000000000007}.Debug|Any CPU.Build.0 = Debug|Any CPU
		{B1B2C3D4-1111-1111-1111-000000000007}.Release|Any CPU.ActiveCfg = Release|Any CPU
		{B1B2C3D4-1111-1111-1111-000000000007}.Release|Any CPU.Build.0 = Release|Any CPU
		{B1B2C3D4-1111-1111-1111-000000000008}.Debug|Any CPU.ActiveCfg = Debug|Any CPU
		{B1B2C3D4-1111-1111-1111-000000000008}.Debug|Any CPU.Build.0 = Debug|Any CPU
		{B1B2C3D4-1111-1111-1111-000000000008}.Release|Any CPU.ActiveCfg = Release|Any CPU
		{B1B2C3D4-1111-1111-1111-000000000008}.Release|Any CPU.Build.0 = Release|Any CPU
		{B1B2C3D4-1111-1111-1111-000000000009}.Debug|Any CPU.ActiveCfg = Debug|Any CPU
		{B1B2C3D4-1111-1111-1111-000000000009}.Debug|Any CPU.Build.0 = Debug|Any CPU
		{B1B2C3D4-1111-1111-1111-000000000009}.Release|Any CPU.ActiveCfg = Release|Any CPU
		{B1B2C3D4-1111-1111-1111-000000000009}.Release|Any CPU.Build.0 = Release|Any CPU
	EndGlobalSection
	GlobalSection(NestedProjects) = preSolution
		{B1B2C3D4-1111-1111-1111-000000000001} = {927E0CD3-B72D-47B6-A68D-7590B98EB39B}
		{B1B2C3D4-1111-1111-1111-000000000002} = {927E0CD3-B72D-47B6-A68D-7590B98EB39B}
		{B1B2C3D4-1111-1111-1111-000000000003} = {927E0CD3-B72D-47B6-A68D-7590B98EB39B}
		{B1B2C3D4-1111-1111-1111-000000000004} = {927E0CD3-B72D-47B6-A68D-7590B98EB39B}
		{B1B2C3D4-1111-1111-1111-000000000005} = {927E0CD3-B72D-47B6-A68D-7590B98EB39B}
		{B1B2C3D4-1111-1111-1111-000000000006} = {927E0CD3-B72D-47B6-A68D-7590B98EB39B}
		{B1B2C3D4-1111-1111-1111-000000000007} = {927E0CD3-B72D-47B6-A68D-7590B98EB39B}
		{B1B2C3D4-1111-1111-1111-000000000008} = {927E0CD3-B72D-47B6-A68D-7590B98EB39B}
		{B1B2C3D4-1111-1111-1111-000000000009} = {927E0CD3-B72D-47B6-A68D-7590B98EB39B}
	EndGlobalSection
	GlobalSection(SolutionProperties) = preSolution
		HideSolutionNode = FALSE
	EndGlobalSection
EndGlobal
